Microsoft Visual Studio Solution File, Format Version 8.00
Project("{8BC9CEB8-8B4A-11D0-8D11-00A0C91BC942}") = "common", "..\common\common2003.vcproj", "{367B7416-B026-45A0-8D69-CD971D1F1AD2}"
	ProjectSection(ProjectDependencies) = postProject
	EndProjectSection
EndProject
Project("{8BC9CEB8-8B4A-11D0-8D11-00A0C91BC942}") = "bf", "bf2003.vcproj", "{367B7416-B026-45A0-8D69-CD971D1F1AD2}"
	ProjectSection(ProjectDependencies) = postProject
		{367B7416-B026-45A0-8D69-CD971D1F1AD2} = {367B7416-B026-45A0-8D69-CD971D1F1AD2}
	EndProjectSection
EndProject
Project("{8BC9CEB8-8B4A-11D0-8D11-00A0C91BC942}") = "acgrep", "acgrep2003.vcproj", "{367B7416-B026-45A0-8D69-CD971D1F1AD2}"
	ProjectSection(ProjectDependencies) = postProject
		{367B7416-B026-45A0-8D69-CD971D1F1AD2} = {367B7416-B026-45A0-8D69-CD971D1F1AD2}
	EndProjectSection
EndProject
Project("{8BC9CEB8-8B4A-11D0-8D11-00A0C91BC942}") = "ac", "ac2003.vcproj", "{367B7416-B026-45A0-8D69-CD971D1F1AD2}"
	ProjectSection(ProjectDependencies) = postProject
		{367B7416-B026-45A0-8D69-CD971D1F1AD2} = {367B7416-B026-45A0-8D69-CD971D1F1AD2}
	EndProjectSection
EndProject
Project("{8BC9CEB8-8B4A-11D0-8D11-00A0C91BC942}") = "test", "test2003.vcproj", "{367B7416-B026-45A0-8D69-CD971D1F1AD2}"
	ProjectSection(ProjectDependencies) = postProject
		{367B7416-B026-45A0-8D69-CD971D1F1AD2} = {367B7416-B026-45A0-8D69-CD971D1F1AD2}
		{367B7416-B026-45A0-8D69-CD971D1F1AD2} = {367B7416-B026-45A0-8D69-CD971D1F1AD2}
		{367B7416-B026-45A0-8D69-CD971D1F1AD2} = {367B7416-B026-45A0-8D69-CD971D1F1AD2}
		{367B7416-B026-45A0-8D69-CD971D1F1AD2} = {367B7416-B026-45A0-8D69-CD971D1F1AD2}
		{367B7416-B026-45A0-8D69-CD971D1F1AD2} = {367B7416-B026-45A0-8D69-CD971D1F1AD2}
		{367B7416-B026-45A0-8D69-CD971D1F1AD2} = {367B7416-B026-45A0-8D69-CD971D1F1AD2}
	EndProjectSection
EndProject
Project("{8BC9CEB8-8B4A-11D0-8D11-00A0C91BC942}") = "kmpgrep", "kmpgrep2003.vcproj", "{367B7416-B026-45A0-8D69-CD971D1F1AD2}"
	ProjectSection(ProjectDependencies) = postProject
		{367B7416-B026-45A0-8D69-CD971D1F1AD2} = {367B7416-B026-45A0-8D69-CD971D1F1AD2}
	EndProjectSection
EndProject
Project("{8BC9CEB8-8B4A-11D0-8D11-00A0C91BC942}") = "kmp", "kmp2003.vcproj", "{367B7416-B026-45A0-8D69-CD971D1F1AD2}"
	ProjectSection(ProjectDependencies) = postProject
		{367B7416-B026-45A0-8D69-CD971D1F1AD2} = {367B7416-B026-45A0-8D69-CD971D1F1AD2}
	EndProjectSection
EndProject
Project("{8BC9CEB8-8B4A-11D0-8D11-00A0C91BC942}") = "cwgrep", "cwgrep2003.vcproj", "{367B7416-B026-45A0-8D69-CD971D1F1AD2}"
	ProjectSection(ProjectDependencies) = postProject
		{367B7416-B026-45A0-8D69-CD971D1F1AD2} = {367B7416-B026-45A0-8D69-CD971D1F1AD2}
	EndProjectSection
EndProject
Project("{8BC9CEB8-8B4A-11D0-8D11-00A0C91BC942}") = "cw", "cw2003.vcproj", "{367B7416-B026-45A0-8D69-CD971D1F1AD2}"
	ProjectSection(ProjectDependencies) = postProject
		{367B7416-B026-45A0-8D69-CD971D1F1AD2} = {367B7416-B026-45A0-8D69-CD971D1F1AD2}
	EndProjectSection
EndProject
Project("{8BC9CEB8-8B4A-11D0-8D11-00A0C91BC942}") = "bmgrep", "bmgrep2003.vcproj", "{367B7416-B026-45A0-8D69-CD971D1F1AD2}"
	ProjectSection(ProjectDependencies) = postProject
		{367B7416-B026-45A0-8D69-CD971D1F1AD2} = {367B7416-B026-45A0-8D69-CD971D1F1AD2}
	EndProjectSection
EndProject
Project("{8BC9CEB8-8B4A-11D0-8D11-00A0C91BC942}") = "bm", "bm2003.vcproj", "{367B7416-B026-45A0-8D69-CD971D1F1AD2}"
	ProjectSection(ProjectDependencies) = postProject
		{367B7416-B026-45A0-8D69-CD971D1F1AD2} = {367B7416-B026-45A0-8D69-CD971D1F1AD2}
	EndProjectSection
EndProject
Global
	GlobalSection(SolutionConfiguration) = preSolution
		Debug = Debug
		Release = Release
	EndGlobalSection
	GlobalSection(ProjectConfiguration) = postSolution
		{367B7416-B026-45A0-8D69-CD971D1F1AD2}.Debug.ActiveCfg = Debug|Win32
		{367B7416-B026-45A0-8D69-CD971D1F1AD2}.Debug.Build.0 = Debug|Win32
		{367B7416-B026-45A0-8D69-CD971D1F1AD2}.Release.ActiveCfg = Release|Win32
		{367B7416-B026-45A0-8D69-CD971D1F1AD2}.Release.Build.0 = Release|Win32
		{367B7416-B026-45A0-8D69-CD971D1F1AD2}.Debug.ActiveCfg = Debug|Win32
		{367B7416-B026-45A0-8D69-CD971D1F1AD2}.Debug.Build.0 = Debug|Win32
		{367B7416-B026-45A0-8D69-CD971D1F1AD2}.Release.ActiveCfg = Release|Win32
		{367B7416-B026-45A0-8D69-CD971D1F1AD2}.Release.Build.0 = Release|Win32
		{367B7416-B026-45A0-8D69-CD971D1F1AD2}.Debug.ActiveCfg = Debug|Win32
		{367B7416-B026-45A0-8D69-CD971D1F1AD2}.Debug.Build.0 = Debug|Win32
		{367B7416-B026-45A0-8D69-CD971D1F1AD2}.Release.ActiveCfg = Release|Win32
		{367B7416-B026-45A0-8D69-CD971D1F1AD2}.Release.Build.0 = Release|Win32
		{367B7416-B026-45A0-8D69-CD971D1F1AD2}.Debug.ActiveCfg = Debug|Win32
		{367B7416-B026-45A0-8D69-CD971D1F1AD2}.Debug.Build.0 = Debug|Win32
		{367B7416-B026-45A0-8D69-CD971D1F1AD2}.Release.ActiveCfg = Release|Win32
		{367B7416-B026-45A0-8D69-CD971D1F1AD2}.Release.Build.0 = Release|Win32
		{367B7416-B026-45A0-8D69-CD971D1F1AD2}.Debug.ActiveCfg = Debug|Win32
		{367B7416-B026-45A0-8D69-CD971D1F1AD2}.Debug.Build.0 = Debug|Win32
		{367B7416-B026-45A0-8D69-CD971D1F1AD2}.Release.ActiveCfg = Release|Win32
		{367B7416-B026-45A0-8D69-CD971D1F1AD2}.Release.Build.0 = Release|Win32
		{367B7416-B026-45A0-8D69-CD971D1F1AD2}.Debug.ActiveCfg = Debug|Win32
		{367B7416-B026-45A0-8D69-CD971D1F1AD2}.Debug.Build.0 = Debug|Win32
		{367B7416-B026-45A0-8D69-CD971D1F1AD2}.Release.ActiveCfg = Release|Win32
		{367B7416-B026-45A0-8D69-CD971D1F1AD2}.Release.Build.0 = Release|Win32
		{367B7416-B026-45A0-8D69-CD971D1F1AD2}.Debug.ActiveCfg = Debug|Win32
		{367B7416-B026-45A0-8D69-CD971D1F1AD2}.Debug.Build.0 = Debug|Win32
		{367B7416-B026-45A0-8D69-CD971D1F1AD2}.Release.ActiveCfg = Release|Win32
		{367B7416-B026-45A0-8D69-CD971D1F1AD2}.Release.Build.0 = Release|Win32
		{367B7416-B026-45A0-8D69-CD971D1F1AD2}.Debug.ActiveCfg = Debug|Win32
		{367B7416-B026-45A0-8D69-CD971D1F1AD2}.Debug.Build.0 = Debug|Win32
		{367B7416-B026-45A0-8D69-CD971D1F1AD2}.Release.ActiveCfg = Release|Win32
		{367B7416-B026-45A0-8D69-CD971D1F1AD2}.Release.Build.0 = Release|Win32
		{367B7416-B026-45A0-8D69-CD971D1F1AD2}.Debug.ActiveCfg = Debug|Win32
		{367B7416-B026-45A0-8D69-CD971D1F1AD2}.Debug.Build.0 = Debug|Win32
		{367B7416-B026-45A0-8D69-CD971D1F1AD2}.Release.ActiveCfg = Release|Win32
		{367B7416-B026-45A0-8D69-CD971D1F1AD2}.Release.Build.0 = Release|Win32
		{367B7416-B026-45A0-8D69-CD971D1F1AD2}.Debug.ActiveCfg = Debug|Win32
		{367B7416-B026-45A0-8D69-CD971D1F1AD2}.Debug.Build.0 = Debug|Win32
		{367B7416-B026-45A0-8D69-CD971D1F1AD2}.Release.ActiveCfg = Release|Win32
		{367B7416-B026-45A0-8D69-CD971D1F1AD2}.Release.Build.0 = Release|Win32
		{367B7416-B026-45A0-8D69-CD971D1F1AD2}.Debug.ActiveCfg = Debug|Win32
		{367B7416-B026-45A0-8D69-CD971D1F1AD2}.Debug.Build.0 = Debug|Win32
		{367B7416-B026-45A0-8D69-CD971D1F1AD2}.Release.ActiveCfg = Release|Win32
		{367B7416-B026-45A0-8D69-CD971D1F1AD2}.Release.Build.0 = Release|Win32
	EndGlobalSection
	GlobalSection(ExtensibilityGlobals) = postSolution
	EndGlobalSection
	GlobalSection(ExtensibilityAddIns) = postSolution
	EndGlobalSection
EndGlobal
